
Microsoft Visual Studio Solution File, Format Version 12.00
Project("{FAE04EC0-301F-11D3-BF4B-00C04F79EFBC}") = "LeapYearKata", "LeapYearKata\LeapYearKata.csproj", "{D11AD8EA-5E28-4B74-8BE1-B613B49B9538}"
EndProject
Project("{FAE04EC0-301F-11D3-BF4B-00C04F79EFBC}") = "LeapYearKata.Tests", "LeapYearKata.Tests\LeapYearKata.Tests.csproj", "{87B33084-D3CF-4106-80F8-6375AB8CDE2B}"
EndProject
Global
	GlobalSection(SolutionConfigurationPlatforms) = preSolution
		Debug|Any CPU = Debug|Any CPU
		Release|Any CPU = Release|Any CPU
	EndGlobalSection
	GlobalSection(ProjectConfigurationPlatforms) = postSolution
		{D11AD8EA-5E28-4B74-8BE1-B613B49B9538}.Debug|Any CPU.ActiveCfg = Debug|Any CPU
		{D11AD8EA-5E28-4B74-8BE1-B613B49B9538}.Debug|Any CPU.Build.0 = Debug|Any CPU
		{D11AD8EA-5E28-4B74-8BE1-B613B49B9538}.Release|Any CPU.ActiveCfg = Release|Any CPU
		{D11AD8EA-5E28-4B74-8BE1-B613B49B9538}.Release|Any CPU.Build.0 = Release|Any CPU
		{87B33084-D3CF-4106-80F8-6375AB8CDE2B}.Debug|Any CPU.ActiveCfg = Debug|Any CPU
		{87B33084-D3CF-4106-80F8-6375AB8CDE2B}.Debug|Any CPU.Build.0 = Debug|Any CPU
		{87B33084-D3CF-4106-80F8-6375AB8CDE2B}.Release|Any CPU.ActiveCfg = Release|Any CPU
		{87B33084-D3CF-4106-80F8-6375AB8CDE2B}.Release|Any CPU.Build.0 = Release|Any CPU
	EndGlobalSection
EndGlobal
